
Microsoft Visual Studio Solution File, Format Version 12.00
# Visual Studio 14
VisualStudioVersion = 14.0.24720.0
MinimumVisualStudioVersion = 10.0.40219.1
Project("{FAE04EC0-301F-11D3-BF4B-00C04F79EFBC}") = "PlanetWars", "PlanetWars\PlanetWars.csproj", "{D672CCB8-8F6C-4858-A815-66E1707DF6FD}"
EndProject
Project("{FAE04EC0-301F-11D3-BF4B-00C04F79EFBC}") = "PlanetWars.Tests", "PlanetWars.Tests\PlanetWars.Tests.csproj", "{3900299C-FE32-45B9-A684-248CA7C40302}"
EndProject
Project("{2150E333-8FDC-42A3-9474-1A3956D46DE8}") = "Solution Items", "Solution Items", "{16AA6E03-5C59-4F8D-B5E2-1E49BDDF75E6}"
	ProjectSection(SolutionItems) = preProject
		.gitignore = .gitignore
		LICENSE = LICENSE
		readme.md = readme.md
	EndProjectSection
EndProject
Project("{FAE04EC0-301F-11D3-BF4B-00C04F79EFBC}") = "CSharpAgent", "CSharpAgent\CSharpAgent.csproj", "{5B3502F0-DB70-4052-A871-B44684E5DFD7}"
EndProject
Project("{FAE04EC0-301F-11D3-BF4B-00C04F79EFBC}") = "PlanetWars.Shared", "PlanetWars.Shared\PlanetWars.Shared.csproj", "{DCFFF982-65A4-478B-AD3C-F22609BC5FDE}"
EndProject
Global
	GlobalSection(SolutionConfigurationPlatforms) = preSolution
		Debug|Any CPU = Debug|Any CPU
		Release|Any CPU = Release|Any CPU
	EndGlobalSection
	GlobalSection(ProjectConfigurationPlatforms) = postSolution
		{D672CCB8-8F6C-4858-A815-66E1707DF6FD}.Debug|Any CPU.ActiveCfg = Debug|Any CPU
		{D672CCB8-8F6C-4858-A815-66E1707DF6FD}.Debug|Any CPU.Build.0 = Debug|Any CPU
		{D672CCB8-8F6C-4858-A815-66E1707DF6FD}.Release|Any CPU.ActiveCfg = Release|Any CPU
		{D672CCB8-8F6C-4858-A815-66E1707DF6FD}.Release|Any CPU.Build.0 = Release|Any CPU
		{3900299C-FE32-45B9-A684-248CA7C40302}.Debug|Any CPU.ActiveCfg = Debug|Any CPU
		{3900299C-FE32-45B9-A684-248CA7C40302}.Debug|Any CPU.Build.0 = Debug|Any CPU
		{3900299C-FE32-45B9-A684-248CA7C40302}.Release|Any CPU.ActiveCfg = Release|Any CPU
		{3900299C-FE32-45B9-A684-248CA7C40302}.Release|Any CPU.Build.0 = Release|Any CPU
		{5B3502F0-DB70-4052-A871-B44684E5DFD7}.Debug|Any CPU.ActiveCfg = Debug|Any CPU
		{5B3502F0-DB70-4052-A871-B44684E5DFD7}.Debug|Any CPU.Build.0 = Debug|Any CPU
		{5B3502F0-DB70-4052-A871-B44684E5DFD7}.Release|Any CPU.ActiveCfg = Release|Any CPU
		{5B3502F0-DB70-4052-A871-B44684E5DFD7}.Release|Any CPU.Build.0 = Release|Any CPU
		{DCFFF982-65A4-478B-AD3C-F22609BC5FDE}.Debug|Any CPU.ActiveCfg = Debug|Any CPU
		{DCFFF982-65A4-478B-AD3C-F22609BC5FDE}.Debug|Any CPU.Build.0 = Debug|Any CPU
		{DCFFF982-65A4-478B-AD3C-F22609BC5FDE}.Release|Any CPU.ActiveCfg = Release|Any CPU
		{DCFFF982-65A4-478B-AD3C-F22609BC5FDE}.Release|Any CPU.Build.0 = Release|Any CPU
	EndGlobalSection
	GlobalSection(SolutionProperties) = preSolution
		HideSolutionNode = FALSE
	EndGlobalSection
EndGlobal
